
Microsoft Visual Studio Solution File, Format Version 12.00
# Visual Studio Version 16
VisualStudioVersion = 16.0.32428.217
MinimumVisualStudioVersion = 10.0.40219.1
Project("{FAE04EC0-301F-11D3-BF4B-00C04F79EFBC}") = "ParticulateRecords", "ParticulateRecords\ParticulateRecords.csproj", "{1F5DE42E-21E3-4A77-9E00-76097D003634}"
EndProject
Global
	GlobalSection(SolutionConfigurationPlatforms) = preSolution
		Debug|Any CPU = Debug|Any CPU
		Release|Any CPU = Release|Any CPU
	EndGlobalSection
	GlobalSection(ProjectConfigurationPlatforms) = postSolution
		{1F5DE42E-21E3-4A77-9E00-76097D003634}.Debug|Any CPU.ActiveCfg = Debug|Any CPU
		{1F5DE42E-21E3-4A77-9E00-76097D003634}.Debug|Any CPU.Build.0 = Debug|Any CPU
		{1F5DE42E-21E3-4A77-9E00-76097D003634}.Release|Any CPU.ActiveCfg = Release|Any CPU
		{1F5DE42E-21E3-4A77-9E00-76097D003634}.Release|Any CPU.Build.0 = Release|Any CPU
	EndGlobalSection
	GlobalSection(SolutionProperties) = preSolution
		HideSolutionNode = FALSE
	EndGlobalSection
	GlobalSection(ExtensibilityGlobals) = postSolution
		SolutionGuid = {365D2908-C584-43AA-BFA8-01B01A71AA76}
	EndGlobalSection
EndGlobal
